
Microsoft Visual Studio Solution File, Format Version 12.00
# Visual Studio Version 16
VisualStudioVersion = 16.0.31025.194
MinimumVisualStudioVersion = 10.0.40219.1
Project("{FAE04EC0-301F-11D3-BF4B-00C04F79EFBC}") = "LojaAngular", "LojaAngular.csproj", "{7ED4BE5F-C4B3-4A4C-8C9B-DBC0061FF204}"
EndProject
Global
	GlobalSection(SolutionConfigurationPlatforms) = preSolution
		Debug|Any CPU = Debug|Any CPU
		Release|Any CPU = Release|Any CPU
	EndGlobalSection
	GlobalSection(ProjectConfigurationPlatforms) = postSolution
		{7ED4BE5F-C4B3-4A4C-8C9B-DBC0061FF204}.Debug|Any CPU.ActiveCfg = Debug|Any CPU
		{7ED4BE5F-C4B3-4A4C-8C9B-DBC0061FF204}.Debug|Any CPU.Build.0 = Debug|Any CPU
		{7ED4BE5F-C4B3-4A4C-8C9B-DBC0061FF204}.Release|Any CPU.ActiveCfg = Release|Any CPU
		{7ED4BE5F-C4B3-4A4C-8C9B-DBC0061FF204}.Release|Any CPU.Build.0 = Release|Any CPU
	EndGlobalSection
	GlobalSection(SolutionProperties) = preSolution
		HideSolutionNode = FALSE
	EndGlobalSection
	GlobalSection(ExtensibilityGlobals) = postSolution
		SolutionGuid = {A2079CFA-D899-4268-9E8E-E829904CF756}
	EndGlobalSection
EndGlobal
